{
  "requires": true,
  "lockfileVersion": 1,
  "dependencies": {
    "lodash": {
      "version": "4.17.20",
      "resolved": "https://registry.npmjs.org/lodash/-/lodash-4.17.20.tgz",
      "integrity": "sha512-PlhdFcillOINfeV7Ni6oF1TAEayyZBoZ8bcshTHqOYJYlrqzRK5hagpagky5o4HfCzzd1TRkXPMFq6cKk9rGmA=="
    },
    "pathseg": {
      "version": "1.2.0",
      "resolved": "https://registry.npmjs.org/pathseg/-/pathseg-1.2.0.tgz",
      "integrity": "sha512-+pQS7lTaoVIXhaCW7R3Wd/165APzZHWzYVqe7dxzdupxQwebgpBaCmf0/XZwmoA/rkDq3qvzO0qv4d5oFVrBRw=="
    },
    "react-particles-js": {
      "version": "3.3.0",
      "resolved": "https://registry.npmjs.org/react-particles-js/-/react-particles-js-3.3.0.tgz",
      "integrity": "sha512-pc9oJWEHH3UR1sJurL98TPrEWr0Yf2E8j+f8PLDpgbnQirTRqfwEvTRNJ/Ibvt6233WycCrndn6ImfL0PDEr7A==",
      "requires": {
        "lodash": "^4.17.11",
        "tsparticles": "^1.17.1"
      }
    },
    "tslib": {
      "version": "2.0.1",
      "resolved": "https://registry.npmjs.org/tslib/-/tslib-2.0.1.tgz",
      "integrity": "sha512-SgIkNheinmEBgx1IUNirK0TUD4X9yjjBRTqqjggWCU3pUEqIk3/Uwl3yRixYKT6WjQuGiwDv4NomL3wqRCj+CQ=="
    },
    "tsparticles": {
      "version": "1.17.7",
      "resolved": "https://registry.npmjs.org/tsparticles/-/tsparticles-1.17.7.tgz",
      "integrity": "sha512-+9b0YplbE38WPxWAMwYQ6+VLZ4LsDG8N3RAPx8ezwsi0IfR1ZEirfuHOUoYv3KfPMpmJOxf0F4jAFcq47uwyMA==",
      "requires": {
        "pathseg": "^1.2.0",
        "tslib": "^2.0.0"
      }
    }
  }
}
